{
  "version": 4,
  "terraform_version": "1.0.0",
  "serial": 76,
  "lineage": "32e7fd51-5416-3291-3253-48f467af09d4",
  "outputs": {},
  "resources": [
    {
      "mode": "managed",
      "type": "google_container_cluster",
      "name": "primary",
      "provider": "provider[\"registry.terraform.io/hashicorp/google\"]",
      "instances": [
        {
          "schema_version": 1,
          "attributes": {
            "addons_config": [
              {
                "cloudrun_config": [],
                "horizontal_pod_autoscaling": [],
                "http_load_balancing": [],
                "network_policy_config": [
                  {
                    "disabled": true
                  }
                ]
              }
            ],
            "authenticator_groups_config": [],
            "cluster_autoscaling": [
              {
                "auto_provisioning_defaults": [],
                "enabled": false,
                "resource_limits": []
              }
            ],
            "cluster_ipv4_cidr": "10.64.0.0/14",
            "database_encryption": [
              {
                "key_name": "",
                "state": "DECRYPTED"
              }
            ],
            "datapath_provider": "",
            "default_max_pods_per_node": null,
            "default_snat_status": [
              {
                "disabled": false
              }
            ],
            "description": "",
            "enable_autopilot": false,
            "enable_binary_authorization": false,
            "enable_intranode_visibility": false,
            "enable_kubernetes_alpha": false,
            "enable_legacy_abac": false,
            "enable_shielded_nodes": false,
            "enable_tpu": false,
            "endpoint": "35.185.252.143",
            "id": "projects/devops-java-project/locations/us-west1/clusters/my-gke-cluster",
            "initial_node_count": 1,
            "instance_group_urls": [],
            "ip_allocation_policy": [],
            "label_fingerprint": "a9dc16a7",
            "location": "us-west1",
            "logging_service": "logging.googleapis.com/kubernetes",
            "maintenance_policy": [],
            "master_auth": [
              {
                "client_certificate": "",
                "client_certificate_config": [
                  {
                    "issue_client_certificate": false
                  }
                ],
                "client_key": "",
                "cluster_ca_certificate": "LS0tLS1CRUdJTiBDRVJUSUZJQ0FURS0tLS0tCk1JSURLekNDQWhPZ0F3SUJBZ0lSQU0xRW1ITHRPN0ZPTW42RUZLc0RRQkV3RFFZSktvWklodmNOQVFFTEJRQXcKTHpFdE1Dc0dBMVVFQXhNa09UZGhPRFpqWm1JdE1HRXlPQzAwTlRkaUxXSmtNVGN0WWpWak1HSTVOemsxTm1ZdwpNQjRYRFRJeE1EWXlNekE1TVRBMU1Wb1hEVEkyTURZeU1qRXdNVEExTVZvd0x6RXRNQ3NHQTFVRUF4TWtPVGRoCk9EWmpabUl0TUdFeU9DMDBOVGRpTFdKa01UY3RZalZqTUdJNU56azFObVl3TUlJQklqQU5CZ2txaGtpRzl3MEIKQVFFRkFBT0NBUThBTUlJQkNnS0NBUUVBcjJUT3hoUU5BVXJGSlJ4OFRDb0wrNXV2cXkxNDNQeEVHQ05ydVVTcAprS0dhR1B4WVR0bVJqQmxKYzZ5dUg5NHpXSTRaSzhmS0FQUmUybFBSc01TZTMwZnJtdldOV1lONytxaGIvYWRsClNkYUNwTDhWWHZrMm90SmpiSlZqckF2UTFCVUhBMldGV3RHTWhUeEhpdE1TWkFtdjlNTVBWQ2hHaVVpNzBRZnoKOVhiSzlINVE3ZEIzc21SUC9HekdGRi9kZ25WVHZYUHh1T3NCYW9OSEdhOFVXOVdrMkZNZXdVSzNxS0JXRUFXYQpKVTJVby9vN2hkeUpvdUFLN1E2VCt0RjF3ZTVVSlpQeXNsMzQyNGZIMXRqeFo4UlM0RThPZmNyS2Vzd1p5NmJ2CnR6eWl0RjZYT2wreW5PYzZ2amJTZ1oyYkN1ZG5QMzFnRk5acVRhdXIxcEx2a3dJREFRQUJvMEl3UURBT0JnTlYKSFE4QkFmOEVCQU1DQWdRd0R3WURWUjBUQVFIL0JBVXdBd0VCL3pBZEJnTlZIUTRFRmdRVVZKREJiZTJrVUlhNQpwV1p5UERuamVjdkVFcG93RFFZSktvWklodmNOQVFFTEJRQURnZ0VCQUF0STBvamp1NjZJRkJESkVZbURzbWJGClhHSnUvUDllYVljQlQ3endXKzJ2S28rcERzbUlLQU1EUlNKdSswcWdVNitjUVZuYlNtOVYrWDRHVXJxSTZocWgKRDF6WTNPODVZQUI3eGl3eW1UelRRWVVicXdUb1Jqd29DcmVFeUhPYjhlVVRIYmRBL25HQVJDVjAwRG1LeGhYYgptYldMUnA0TVNIUVRJU0hucGFuQm42bFM0VXJiVTZoODFiNHZ2NlFzMDI4Rm1ZYWhtdVFtRzFpNkwxck9URXhyCnZqTEo2aWxWb29SMjArQklnWFJETGVHOGdrcUdpNHNPTzJCWDR5VDhsamEvaW1BYm9DZ1NLUXg3aWdla0FOOC8Kekd4eklhRDdwZHZNbzVySFhBVFYxMGVHRSt4Nkg4cHBBVHhoMEhSTW5pNXVTcHlFOHg4d2MxY2lZV2I2eWFFPQotLS0tLUVORCBDRVJUSUZJQ0FURS0tLS0tCg==",
                "password": "",
                "username": ""
              }
            ],
            "master_authorized_networks_config": [],
            "master_version": "1.19.10-gke.1600",
            "min_master_version": null,
            "monitoring_service": "monitoring.googleapis.com/kubernetes",
            "name": "my-gke-cluster",
            "network": "projects/devops-java-project/global/networks/default",
            "network_policy": [
              {
                "enabled": false,
                "provider": "PROVIDER_UNSPECIFIED"
              }
            ],
            "networking_mode": "ROUTES",
            "node_config": [],
            "node_locations": [
              "us-west1-a",
              "us-west1-b",
              "us-west1-c"
            ],
            "node_pool": [],
            "node_version": "1.19.10-gke.1600",
            "operation": null,
            "pod_security_policy_config": [],
            "private_cluster_config": [],
            "private_ipv6_google_access": "",
            "project": "devops-java-project",
            "release_channel": [
              {
                "channel": "REGULAR"
              }
            ],
            "remove_default_node_pool": true,
            "resource_labels": null,
            "resource_usage_export_config": [],
            "self_link": "https://container.googleapis.com/v1beta1/projects/devops-java-project/locations/us-west1/clusters/my-gke-cluster",
            "services_ipv4_cidr": "10.67.240.0/20",
            "subnetwork": "projects/devops-java-project/regions/us-west1/subnetworks/default",
            "timeouts": null,
            "tpu_ipv4_cidr_block": "",
            "vertical_pod_autoscaling": [],
            "workload_identity_config": []
          },
          "sensitive_attributes": [],
          "private": "eyJlMmJmYjczMC1lY2FhLTExZTYtOGY4OC0zNDM2M2JjN2M0YzAiOnsiY3JlYXRlIjoyNDAwMDAwMDAwMDAwLCJkZWxldGUiOjI0MDAwMDAwMDAwMDAsInJlYWQiOjI0MDAwMDAwMDAwMDAsInVwZGF0ZSI6MzYwMDAwMDAwMDAwMH0sInNjaGVtYV92ZXJzaW9uIjoiMSJ9"
        }
      ]
    },
    {
      "mode": "managed",
      "type": "google_container_node_pool",
      "name": "primary_preemptible_nodes",
      "provider": "provider[\"registry.terraform.io/hashicorp/google\"]",
      "instances": [
        {
          "schema_version": 1,
          "attributes": {
            "autoscaling": [],
            "cluster": "my-gke-cluster",
            "id": "projects/devops-java-project/locations/us-west1/clusters/my-gke-cluster/nodePools/my-node-pool",
            "initial_node_count": 1,
            "instance_group_urls": [
              "https://www.googleapis.com/compute/v1/projects/devops-java-project/zones/us-west1-a/instanceGroupManagers/gke-my-gke-cluster-my-node-pool-1000f63a-grp",
              "https://www.googleapis.com/compute/v1/projects/devops-java-project/zones/us-west1-b/instanceGroupManagers/gke-my-gke-cluster-my-node-pool-26d01bb2-grp",
              "https://www.googleapis.com/compute/v1/projects/devops-java-project/zones/us-west1-c/instanceGroupManagers/gke-my-gke-cluster-my-node-pool-ab5ef349-grp"
            ],
            "location": "us-west1",
            "management": [
              {
                "auto_repair": true,
                "auto_upgrade": true
              }
            ],
            "max_pods_per_node": null,
            "name": "my-node-pool",
            "name_prefix": "",
            "node_config": [
              {
                "disk_size_gb": 100,
                "disk_type": "pd-standard",
                "guest_accelerator": [],
                "image_type": "COS_CONTAINERD",
                "labels": {},
                "local_ssd_count": 0,
                "machine_type": "e2-medium",
                "metadata": {
                  "disable-legacy-endpoints": "true"
                },
                "min_cpu_platform": "",
                "oauth_scopes": [
                  "https://www.googleapis.com/auth/cloud-platform"
                ],
                "preemptible": true,
                "service_account": "service-account-id@devops-java-project.iam.gserviceaccount.com",
                "shielded_instance_config": [
                  {
                    "enable_integrity_monitoring": true,
                    "enable_secure_boot": false
                  }
                ],
                "tags": null,
                "taint": [],
                "workload_metadata_config": []
              }
            ],
            "node_count": 1,
            "node_locations": [
              "us-west1-a",
              "us-west1-b",
              "us-west1-c"
            ],
            "operation": null,
            "project": "devops-java-project",
            "timeouts": null,
            "upgrade_settings": [
              {
                "max_surge": 1,
                "max_unavailable": 0
              }
            ],
            "version": "1.19.10-gke.1600"
          },
          "sensitive_attributes": [],
          "private": "eyJlMmJmYjczMC1lY2FhLTExZTYtOGY4OC0zNDM2M2JjN2M0YzAiOnsiY3JlYXRlIjoxODAwMDAwMDAwMDAwLCJkZWxldGUiOjE4MDAwMDAwMDAwMDAsInVwZGF0ZSI6MTgwMDAwMDAwMDAwMH0sInNjaGVtYV92ZXJzaW9uIjoiMSJ9",
          "dependencies": [
            "google_container_cluster.primary",
            "google_service_account.default"
          ]
        }
      ]
    },
    {
      "mode": "managed",
      "type": "google_service_account",
      "name": "default",
      "provider": "provider[\"registry.terraform.io/hashicorp/google\"]",
      "instances": [
        {
          "schema_version": 0,
          "attributes": {
            "account_id": "service-account-id",
            "description": "",
            "display_name": "Service Account",
            "email": "service-account-id@devops-java-project.iam.gserviceaccount.com",
            "id": "projects/devops-java-project/serviceAccounts/service-account-id@devops-java-project.iam.gserviceaccount.com",
            "name": "projects/devops-java-project/serviceAccounts/service-account-id@devops-java-project.iam.gserviceaccount.com",
            "project": "devops-java-project",
            "timeouts": null,
            "unique_id": "102902639447587814587"
          },
          "sensitive_attributes": [],
          "private": "eyJlMmJmYjczMC1lY2FhLTExZTYtOGY4OC0zNDM2M2JjN2M0YzAiOnsiY3JlYXRlIjozMDAwMDAwMDAwMDB9fQ=="
        }
      ]
    }
  ]
}
