{
  "version": 4,
  "terraform_version": "1.0.0",
  "serial": 3,
  "lineage": "9ad5947b-5ae8-b7ef-9355-501b4fa0af31",
  "outputs": {},
  "resources": [
    {
      "mode": "managed",
      "type": "google_container_cluster",
      "name": "primary",
      "provider": "provider[\"registry.terraform.io/hashicorp/google\"]",
      "instances": [
        {
          "schema_version": 1,
          "attributes": {
            "addons_config": [
              {
                "cloudrun_config": [],
                "horizontal_pod_autoscaling": [],
                "http_load_balancing": [],
                "network_policy_config": [
                  {
                    "disabled": true
                  }
                ]
              }
            ],
            "authenticator_groups_config": [],
            "cluster_autoscaling": [
              {
                "auto_provisioning_defaults": [],
                "enabled": false,
                "resource_limits": []
              }
            ],
            "cluster_ipv4_cidr": "10.76.0.0/14",
            "database_encryption": [
              {
                "key_name": "",
                "state": "DECRYPTED"
              }
            ],
            "datapath_provider": "",
            "default_max_pods_per_node": null,
            "default_snat_status": [
              {
                "disabled": false
              }
            ],
            "description": "Demo GKE Cluster",
            "enable_autopilot": false,
            "enable_binary_authorization": false,
            "enable_intranode_visibility": false,
            "enable_kubernetes_alpha": false,
            "enable_legacy_abac": false,
            "enable_shielded_nodes": false,
            "enable_tpu": false,
            "endpoint": "34.134.18.10",
            "id": "projects/devops-java-project/locations/us-central1/clusters/gke-cluster",
            "initial_node_count": 1,
            "instance_group_urls": [],
            "ip_allocation_policy": [],
            "label_fingerprint": "a9dc16a7",
            "location": "us-central1",
            "logging_service": "logging.googleapis.com/kubernetes",
            "maintenance_policy": [],
            "master_auth": [
              {
                "client_certificate": "",
                "client_certificate_config": [
                  {
                    "issue_client_certificate": false
                  }
                ],
                "client_key": "",
                "cluster_ca_certificate": "LS0tLS1CRUdJTiBDRVJUSUZJQ0FURS0tLS0tCk1JSURLakNDQWhLZ0F3SUJBZ0lRRFRWS2NaT1NERkNtenBYQ0NvdEJlVEFOQmdrcWhraUc5dzBCQVFzRkFEQXYKTVMwd0t3WURWUVFERXlSbE1tUmlOV0UyWVMwd1lUSTFMVFF4TmpVdE9EQXhNUzAxTm1NeVptSXlOak5sT1dNdwpIaGNOTWpFd056STNNVEUxTnpReVdoY05Nall3TnpJMk1USTFOelF5V2pBdk1TMHdLd1lEVlFRREV5UmxNbVJpCk5XRTJZUzB3WVRJMUxUUXhOalV0T0RBeE1TMDFObU15Wm1JeU5qTmxPV013Z2dFaU1BMEdDU3FHU0liM0RRRUIKQVFVQUE0SUJEd0F3Z2dFS0FvSUJBUURKczQ2Mm8yUjBQb1IydUZqQzlZNzFySXl5enJwNFVNeUFvWEMrWWJUTgpUTlJ5T0lZcmFNaHN1MlhWU1pVcXNoVTdwTzRNSnJ2RGpJSFFUckxHQ21GeFBLYVBUcVJjMlFYS0xMZ3hwMUFYCmJCS3NUT2pFNmc3UDJVaVlUMkZWYnNDUWc1bXA1ekl6eUxmYkc4Y0h6REh4TnlpTXVsYm9Vei9ialdlcDRKTmYKMFBrTXRQc2psOWxtQ1g3U0tNL3FaMlN2VXl6azFEMm56eXN6MktPUkVhR09saFRpSlJrV2pXMDlPMnltY0NMbgpmZkRKSTNNc2lpZlE4RkhtSGtwcVVQOEpXUmpFZVJjNEFGaGdZem5DMFM3WVdNb1J3cXlpcmZBMS8vTlVPblZlCnFqRDFINDlXZ2svNUVNd3k0b2pBcU1xbXhpU3hZZEFnN1ZKelBNU1M3N2VyQWdNQkFBR2pRakJBTUE0R0ExVWQKRHdFQi93UUVBd0lDQkRBUEJnTlZIUk1CQWY4RUJUQURBUUgvTUIwR0ExVWREZ1FXQkJURlgvcmYxbkVlbWJTNQpnem1QVGtvQUFtNGU5ekFOQmdrcWhraUc5dzBCQVFzRkFBT0NBUUVBVHJCd3g3MjJWYXRQTllnc0ZJMlpEdGRXCjE4Ukhjcy9PajZBVVl1dENyWEZRRFlwdjZDYnU5MmQ2Tzk2R1p3Vm81T2FsbnZHN2tEOVUrQzdiN0hZMEkyQ1QKWnhzcnVhMDhTajg4OUQ1TksxMThhU25rZTFZd0FYcHVaOVVNVTRCMUF0elhzYXl1bTVwZVNzM25YTzQyREg4UQorbkM4c1RTS3ZXZDVHcFhsOHd5dXVveEhzRFByd2VyQmpYNWk1M05ocnBzb1BQRmNyd3puYmtETDlSK2FIRnBhCmdGekVGdnhaZGtzVlYwMmZ5YXdrQTM1dkdoajZBdFloR1Z2UDE2U3NHclZEcHA2SW1IQ0hVVUFtV2Z3WmNxbUMKbTJpeVVGVTNLWmdkTlBKSS9ockh4MnU3eXdMYS9remUrMStMc21FVEtsZUk2UWNPNUlkQkM4dDlYNElsUGc9PQotLS0tLUVORCBDRVJUSUZJQ0FURS0tLS0tCg==",
                "password": "",
                "username": ""
              }
            ],
            "master_authorized_networks_config": [],
            "master_version": "1.19.9-gke.1900",
            "min_master_version": null,
            "monitoring_service": "monitoring.googleapis.com/kubernetes",
            "name": "gke-cluster",
            "network": "projects/devops-java-project/global/networks/default",
            "network_policy": [
              {
                "enabled": false,
                "provider": "PROVIDER_UNSPECIFIED"
              }
            ],
            "networking_mode": "ROUTES",
            "node_config": [],
            "node_locations": [
              "us-central1-a",
              "us-central1-b",
              "us-central1-f"
            ],
            "node_pool": [],
            "node_version": "1.19.9-gke.1900",
            "operation": null,
            "pod_security_policy_config": [],
            "private_cluster_config": [],
            "private_ipv6_google_access": "",
            "project": "devops-java-project",
            "release_channel": [
              {
                "channel": "REGULAR"
              }
            ],
            "remove_default_node_pool": true,
            "resource_labels": null,
            "resource_usage_export_config": [],
            "self_link": "https://container.googleapis.com/v1beta1/projects/devops-java-project/locations/us-central1/clusters/gke-cluster",
            "services_ipv4_cidr": "10.79.240.0/20",
            "subnetwork": "projects/devops-java-project/regions/us-central1/subnetworks/default",
            "timeouts": null,
            "tpu_ipv4_cidr_block": "",
            "vertical_pod_autoscaling": [],
            "workload_identity_config": []
          },
          "sensitive_attributes": [],
          "private": "eyJlMmJmYjczMC1lY2FhLTExZTYtOGY4OC0zNDM2M2JjN2M0YzAiOnsiY3JlYXRlIjoyNDAwMDAwMDAwMDAwLCJkZWxldGUiOjI0MDAwMDAwMDAwMDAsInJlYWQiOjI0MDAwMDAwMDAwMDAsInVwZGF0ZSI6MzYwMDAwMDAwMDAwMH0sInNjaGVtYV92ZXJzaW9uIjoiMSJ9"
        }
      ]
    },
    {
      "mode": "managed",
      "type": "google_container_node_pool",
      "name": "primary_preemptible_nodes",
      "provider": "provider[\"registry.terraform.io/hashicorp/google\"]",
      "instances": [
        {
          "schema_version": 1,
          "attributes": {
            "autoscaling": [],
            "cluster": "gke-cluster",
            "id": "projects/devops-java-project/locations/us-central1/clusters/gke-cluster/nodePools/gke-cluster-node-pool",
            "initial_node_count": 1,
            "instance_group_urls": [
              "https://www.googleapis.com/compute/v1/projects/devops-java-project/zones/us-central1-a/instanceGroupManagers/gke-gke-cluster-gke-cluster-node-pool-d56aeec8-grp",
              "https://www.googleapis.com/compute/v1/projects/devops-java-project/zones/us-central1-b/instanceGroupManagers/gke-gke-cluster-gke-cluster-node-pool-c1fdca4a-grp",
              "https://www.googleapis.com/compute/v1/projects/devops-java-project/zones/us-central1-f/instanceGroupManagers/gke-gke-cluster-gke-cluster-node-pool-c83d8f70-grp"
            ],
            "location": "us-central1",
            "management": [
              {
                "auto_repair": true,
                "auto_upgrade": true
              }
            ],
            "max_pods_per_node": null,
            "name": "gke-cluster-node-pool",
            "name_prefix": "",
            "node_config": [
              {
                "disk_size_gb": 100,
                "disk_type": "pd-standard",
                "guest_accelerator": [],
                "image_type": "COS_CONTAINERD",
                "labels": {},
                "local_ssd_count": 0,
                "machine_type": "n1-standard-1",
                "metadata": {
                  "disable-legacy-endpoints": "true"
                },
                "min_cpu_platform": "",
                "oauth_scopes": [
                  "https://www.googleapis.com/auth/logging.write",
                  "https://www.googleapis.com/auth/monitoring"
                ],
                "preemptible": true,
                "service_account": "default",
                "shielded_instance_config": [
                  {
                    "enable_integrity_monitoring": true,
                    "enable_secure_boot": false
                  }
                ],
                "tags": null,
                "taint": [],
                "workload_metadata_config": []
              }
            ],
            "node_count": 1,
            "node_locations": [
              "us-central1-a",
              "us-central1-b",
              "us-central1-f"
            ],
            "operation": null,
            "project": "devops-java-project",
            "timeouts": null,
            "upgrade_settings": [
              {
                "max_surge": 1,
                "max_unavailable": 0
              }
            ],
            "version": "1.19.9-gke.1900"
          },
          "sensitive_attributes": [],
          "private": "eyJlMmJmYjczMC1lY2FhLTExZTYtOGY4OC0zNDM2M2JjN2M0YzAiOnsiY3JlYXRlIjoxODAwMDAwMDAwMDAwLCJkZWxldGUiOjE4MDAwMDAwMDAwMDAsInVwZGF0ZSI6MTgwMDAwMDAwMDAwMH0sInNjaGVtYV92ZXJzaW9uIjoiMSJ9",
          "dependencies": [
            "google_container_cluster.primary"
          ]
        }
      ]
    }
  ]
}
