{
  "version": 4,
  "terraform_version": "1.0.0",
  "serial": 70,
  "lineage": "32e7fd51-5416-3291-3253-48f467af09d4",
  "outputs": {},
  "resources": [
    {
      "mode": "managed",
      "type": "google_container_cluster",
      "name": "primary",
      "provider": "provider[\"registry.terraform.io/hashicorp/google\"]",
      "instances": [
        {
          "schema_version": 1,
          "attributes": {
            "addons_config": [
              {
                "cloudrun_config": [],
                "horizontal_pod_autoscaling": [],
                "http_load_balancing": [],
                "network_policy_config": [
                  {
                    "disabled": true
                  }
                ]
              }
            ],
            "authenticator_groups_config": [],
            "cluster_autoscaling": [
              {
                "auto_provisioning_defaults": [],
                "enabled": false,
                "resource_limits": []
              }
            ],
            "cluster_ipv4_cidr": "10.64.0.0/14",
            "database_encryption": [
              {
                "key_name": "",
                "state": "DECRYPTED"
              }
            ],
            "datapath_provider": "",
            "default_max_pods_per_node": null,
            "default_snat_status": [
              {
                "disabled": false
              }
            ],
            "description": "",
            "enable_autopilot": false,
            "enable_binary_authorization": false,
            "enable_intranode_visibility": false,
            "enable_kubernetes_alpha": false,
            "enable_legacy_abac": false,
            "enable_shielded_nodes": false,
            "enable_tpu": false,
            "endpoint": "35.233.246.63",
            "id": "projects/devops-java-project/locations/us-west1/clusters/my-gke-cluster",
            "initial_node_count": 1,
            "instance_group_urls": [
              "https://www.googleapis.com/compute/v1/projects/devops-java-project/zones/us-west1-a/instanceGroups/gke-my-gke-cluster-my-node-pool-0a842ff8-grp",
              "https://www.googleapis.com/compute/v1/projects/devops-java-project/zones/us-west1-c/instanceGroups/gke-my-gke-cluster-my-node-pool-030ec74f-grp",
              "https://www.googleapis.com/compute/v1/projects/devops-java-project/zones/us-west1-b/instanceGroups/gke-my-gke-cluster-my-node-pool-6df3ac23-grp"
            ],
            "ip_allocation_policy": [],
            "label_fingerprint": "a9dc16a7",
            "location": "us-west1",
            "logging_service": "logging.googleapis.com/kubernetes",
            "maintenance_policy": [],
            "master_auth": [
              {
                "client_certificate": "",
                "client_certificate_config": [
                  {
                    "issue_client_certificate": false
                  }
                ],
                "client_key": "",
                "cluster_ca_certificate": "LS0tLS1CRUdJTiBDRVJUSUZJQ0FURS0tLS0tCk1JSURLakNDQWhLZ0F3SUJBZ0lRVFVjYjdsdzgvMm5PempoUHlTTm5mREFOQmdrcWhraUc5dzBCQVFzRkFEQXYKTVMwd0t3WURWUVFERXlRek1XSmpOalF6TWkwM1l6Y3hMVFJoWXpjdE9URmxNQzFpWW1ReE5UTm1NREV4TW1ZdwpIaGNOTWpFd05qSXlNVGMwTkRBNFdoY05Nall3TmpJeE1UZzBOREE0V2pBdk1TMHdLd1lEVlFRREV5UXpNV0pqCk5qUXpNaTAzWXpjeExUUmhZemN0T1RGbE1DMWlZbVF4TlRObU1ERXhNbVl3Z2dFaU1BMEdDU3FHU0liM0RRRUIKQVFVQUE0SUJEd0F3Z2dFS0FvSUJBUUNwUmhUeHVvQnJlZ1JXcjNJT3I4NDJJUGVmRVZld2V3VE1CWHNJVnV0TApYcUhkZ2dFVUlROGdGTEt3Y0lyRG1XeHZOSUtxK2R1bnhtRjNHdWIzTE5sR2J6VlpPbEhZdlE0c1JGeTFxVHJuCk9WUEcvZEVaY3hZTU9YQVZRMkhlTFRZVnBIWnJSczhtK0NGWDRwVmxPOTJheUxiT3ExK1dvN05JTzJaM1BhZGsKaEx4OXhDZ09ZcUs1WVRrRUxHcG03bG5WMEZkbzM1ZWJvZU1qQnFwa2FsamlzRHZyYzNSZmFKd2N0M0tzNkF3awoyVy9CekpyS0lsUFE4MDMxM0xXVm5yWU1OOHp4YTNGWU96Rlg2VVl2b01sZ3lhWFRYU2xvNGxhbHpsaGY2SXZpClRkQVIvbWhzb20yaG95bVI1Nk9mRFlQQzFqSkZNRmFseGRoU00zY2RUaUtYQWdNQkFBR2pRakJBTUE0R0ExVWQKRHdFQi93UUVBd0lDQkRBUEJnTlZIUk1CQWY4RUJUQURBUUgvTUIwR0ExVWREZ1FXQkJRYmlCeFlHTzVRaGJPegpLanlXNnV0YVpqTmI4ekFOQmdrcWhraUc5dzBCQVFzRkFBT0NBUUVBV0NCTEVLT1V1aHRYWGtFMFl5b1VwaktLCnBMNFRtU2NuMHNjbVBiMXRSTGVzREtPRmt5VWp5ZmVLV01zcUxSdzMwZWt6Sy9ZRnV6NkZzYU1UZzg2dDZFSU4KMGRnaUpDRW9DWU5SUE9sRk9JT2tTYTk1UjNETU9IZ2RSUVAyMmpQYXdVRXBqKzJlNE1ycjcyV3Z3ckc1ajB5QwplakdFN1Y2NkNtTm9YaWQzS2tTQzU4bGVXODhZK0Z0OHlMdkxkN1haVWpzUmh0QTk3OEYvd2dJNXVlUFpxd0ZjCnV2d0huUEJCb3VzR2hKS2d0MnRyYmxObUZBdXczSS9kdklvekx1OXNobTYrWXR5cmtaamJHdCtuMklZajBXZkMKQ1ltU2d1RUVrcUxNc3VSbFovRXcvdWt1bEROZHVBem9BQW1Kei9heFc4aTYxWWNQcXNBd1VBcDh3MFFWUkE9PQotLS0tLUVORCBDRVJUSUZJQ0FURS0tLS0tCg==",
                "password": "",
                "username": ""
              }
            ],
            "master_authorized_networks_config": [],
            "master_version": "1.19.10-gke.1600",
            "min_master_version": null,
            "monitoring_service": "monitoring.googleapis.com/kubernetes",
            "name": "my-gke-cluster",
            "network": "projects/devops-java-project/global/networks/default",
            "network_policy": [
              {
                "enabled": false,
                "provider": "PROVIDER_UNSPECIFIED"
              }
            ],
            "networking_mode": "ROUTES",
            "node_config": [
              {
                "disk_size_gb": 100,
                "disk_type": "pd-standard",
                "guest_accelerator": [],
                "image_type": "COS_CONTAINERD",
                "labels": {},
                "local_ssd_count": 0,
                "machine_type": "e2-medium",
                "metadata": {
                  "disable-legacy-endpoints": "true"
                },
                "min_cpu_platform": "",
                "oauth_scopes": [
                  "https://www.googleapis.com/auth/cloud-platform"
                ],
                "preemptible": true,
                "service_account": "service-account-id@devops-java-project.iam.gserviceaccount.com",
                "shielded_instance_config": [
                  {
                    "enable_integrity_monitoring": true,
                    "enable_secure_boot": false
                  }
                ],
                "tags": [],
                "taint": [],
                "workload_metadata_config": []
              }
            ],
            "node_locations": [
              "us-west1-a",
              "us-west1-b",
              "us-west1-c"
            ],
            "node_pool": [
              {
                "autoscaling": [],
                "initial_node_count": 1,
                "instance_group_urls": [
                  "https://www.googleapis.com/compute/v1/projects/devops-java-project/zones/us-west1-a/instanceGroupManagers/gke-my-gke-cluster-my-node-pool-0a842ff8-grp",
                  "https://www.googleapis.com/compute/v1/projects/devops-java-project/zones/us-west1-c/instanceGroupManagers/gke-my-gke-cluster-my-node-pool-030ec74f-grp",
                  "https://www.googleapis.com/compute/v1/projects/devops-java-project/zones/us-west1-b/instanceGroupManagers/gke-my-gke-cluster-my-node-pool-6df3ac23-grp"
                ],
                "management": [
                  {
                    "auto_repair": true,
                    "auto_upgrade": true
                  }
                ],
                "max_pods_per_node": 0,
                "name": "my-node-pool",
                "name_prefix": "",
                "node_config": [
                  {
                    "disk_size_gb": 100,
                    "disk_type": "pd-standard",
                    "guest_accelerator": [],
                    "image_type": "COS_CONTAINERD",
                    "labels": {},
                    "local_ssd_count": 0,
                    "machine_type": "e2-medium",
                    "metadata": {
                      "disable-legacy-endpoints": "true"
                    },
                    "min_cpu_platform": "",
                    "oauth_scopes": [
                      "https://www.googleapis.com/auth/cloud-platform"
                    ],
                    "preemptible": true,
                    "service_account": "service-account-id@devops-java-project.iam.gserviceaccount.com",
                    "shielded_instance_config": [
                      {
                        "enable_integrity_monitoring": true,
                        "enable_secure_boot": false
                      }
                    ],
                    "tags": [],
                    "taint": [],
                    "workload_metadata_config": []
                  }
                ],
                "node_count": 1,
                "node_locations": [
                  "us-west1-a",
                  "us-west1-b",
                  "us-west1-c"
                ],
                "upgrade_settings": [
                  {
                    "max_surge": 1,
                    "max_unavailable": 0
                  }
                ],
                "version": "1.19.10-gke.1600"
              }
            ],
            "node_version": "1.19.10-gke.1600",
            "operation": null,
            "pod_security_policy_config": [],
            "private_cluster_config": [],
            "private_ipv6_google_access": "",
            "project": "devops-java-project",
            "release_channel": [
              {
                "channel": "REGULAR"
              }
            ],
            "remove_default_node_pool": true,
            "resource_labels": {},
            "resource_usage_export_config": [],
            "self_link": "https://container.googleapis.com/v1beta1/projects/devops-java-project/locations/us-west1/clusters/my-gke-cluster",
            "services_ipv4_cidr": "10.67.240.0/20",
            "subnetwork": "projects/devops-java-project/regions/us-west1/subnetworks/default",
            "timeouts": null,
            "tpu_ipv4_cidr_block": "",
            "vertical_pod_autoscaling": [],
            "workload_identity_config": []
          },
          "sensitive_attributes": [],
          "private": "eyJlMmJmYjczMC1lY2FhLTExZTYtOGY4OC0zNDM2M2JjN2M0YzAiOnsiY3JlYXRlIjoyNDAwMDAwMDAwMDAwLCJkZWxldGUiOjI0MDAwMDAwMDAwMDAsInJlYWQiOjI0MDAwMDAwMDAwMDAsInVwZGF0ZSI6MzYwMDAwMDAwMDAwMH0sInNjaGVtYV92ZXJzaW9uIjoiMSJ9"
        }
      ]
    }
  ]
}
