{
  "version": 4,
  "terraform_version": "1.0.0",
  "serial": 55,
  "lineage": "32e7fd51-5416-3291-3253-48f467af09d4",
  "outputs": {},
  "resources": [
    {
      "mode": "managed",
      "type": "google_compute_network",
      "name": "vpc",
      "provider": "provider[\"registry.terraform.io/hashicorp/google\"]",
      "instances": [
        {
          "schema_version": 0,
          "attributes": {
            "auto_create_subnetworks": false,
            "delete_default_routes_on_create": false,
            "description": "",
            "gateway_ipv4": "",
            "id": "projects/devops-java-project/global/networks/devops-java-project-vpc",
            "mtu": 0,
            "name": "devops-java-project-vpc",
            "project": "devops-java-project",
            "routing_mode": "REGIONAL",
            "self_link": "https://www.googleapis.com/compute/v1/projects/devops-java-project/global/networks/devops-java-project-vpc",
            "timeouts": null
          },
          "sensitive_attributes": [],
          "private": "eyJlMmJmYjczMC1lY2FhLTExZTYtOGY4OC0zNDM2M2JjN2M0YzAiOnsiY3JlYXRlIjoyNDAwMDAwMDAwMDAsImRlbGV0ZSI6MjQwMDAwMDAwMDAwLCJ1cGRhdGUiOjI0MDAwMDAwMDAwMH19"
        }
      ]
    },
    {
      "mode": "managed",
      "type": "google_compute_subnetwork",
      "name": "subnet",
      "provider": "provider[\"registry.terraform.io/hashicorp/google\"]",
      "instances": [
        {
          "schema_version": 0,
          "attributes": {
            "creation_timestamp": "2021-06-20T08:24:42.705-07:00",
            "description": "",
            "fingerprint": null,
            "gateway_address": "10.10.0.1",
            "id": "projects/devops-java-project/regions/us-west1/subnetworks/devops-java-project-subnet",
            "ip_cidr_range": "10.10.0.0/24",
            "log_config": [],
            "name": "devops-java-project-subnet",
            "network": "https://www.googleapis.com/compute/v1/projects/devops-java-project/global/networks/devops-java-project-vpc",
            "private_ip_google_access": false,
            "private_ipv6_google_access": "DISABLE_GOOGLE_ACCESS",
            "project": "devops-java-project",
            "region": "us-west1",
            "secondary_ip_range": [],
            "self_link": "https://www.googleapis.com/compute/v1/projects/devops-java-project/regions/us-west1/subnetworks/devops-java-project-subnet",
            "timeouts": null
          },
          "sensitive_attributes": [],
          "private": "eyJlMmJmYjczMC1lY2FhLTExZTYtOGY4OC0zNDM2M2JjN2M0YzAiOnsiY3JlYXRlIjozNjAwMDAwMDAwMDAsImRlbGV0ZSI6MzYwMDAwMDAwMDAwLCJ1cGRhdGUiOjM2MDAwMDAwMDAwMH19",
          "dependencies": [
            "google_compute_network.vpc"
          ]
        }
      ]
    },
    {
      "mode": "managed",
      "type": "google_container_cluster",
      "name": "primary",
      "provider": "provider[\"registry.terraform.io/hashicorp/google\"]",
      "instances": [
        {
          "schema_version": 1,
          "attributes": {
            "addons_config": [
              {
                "cloudrun_config": [],
                "horizontal_pod_autoscaling": [],
                "http_load_balancing": [],
                "network_policy_config": [
                  {
                    "disabled": true
                  }
                ]
              }
            ],
            "authenticator_groups_config": [],
            "cluster_autoscaling": [
              {
                "auto_provisioning_defaults": [],
                "enabled": false,
                "resource_limits": []
              }
            ],
            "cluster_ipv4_cidr": "10.64.0.0/14",
            "database_encryption": [
              {
                "key_name": "",
                "state": "DECRYPTED"
              }
            ],
            "datapath_provider": "",
            "default_max_pods_per_node": null,
            "default_snat_status": [
              {
                "disabled": false
              }
            ],
            "description": "",
            "enable_autopilot": false,
            "enable_binary_authorization": false,
            "enable_intranode_visibility": false,
            "enable_kubernetes_alpha": false,
            "enable_legacy_abac": false,
            "enable_shielded_nodes": false,
            "enable_tpu": false,
            "endpoint": "35.199.186.255",
            "id": "projects/devops-java-project/locations/us-west1/clusters/my-gke-cluster",
            "initial_node_count": 1,
            "instance_group_urls": [],
            "ip_allocation_policy": [],
            "label_fingerprint": "a9dc16a7",
            "location": "us-west1",
            "logging_service": "logging.googleapis.com/kubernetes",
            "maintenance_policy": [],
            "master_auth": [
              {
                "client_certificate": "",
                "client_certificate_config": [
                  {
                    "issue_client_certificate": false
                  }
                ],
                "client_key": "",
                "cluster_ca_certificate": "LS0tLS1CRUdJTiBDRVJUSUZJQ0FURS0tLS0tCk1JSURLekNDQWhPZ0F3SUJBZ0lSQU0wYkVWUUJ4VW02ZkpjS1N2WThtdnd3RFFZSktvWklodmNOQVFFTEJRQXcKTHpFdE1Dc0dBMVVFQXhNa04yTmhOamxpWkdNdE5UQTFOQzAwTnpabUxXSmhZbU10TkdJeVpqRTFNakk0T0RVdwpNQjRYRFRJeE1EWXlNREUwTWpReU1Gb1hEVEkyTURZeE9URTFNalF5TUZvd0x6RXRNQ3NHQTFVRUF4TWtOMk5oCk5qbGlaR010TlRBMU5DMDBOelptTFdKaFltTXROR0l5WmpFMU1qSTRPRFV3TUlJQklqQU5CZ2txaGtpRzl3MEIKQVFFRkFBT0NBUThBTUlJQkNnS0NBUUVBb2thZFRCdEFYbXh2SXhTamY0Wmg1bEZUc1BTdnNhdmgzeFg0NzlmegpEemFROTNjcDA1Y1BKOWVwSUFxTXZnTVlSRmZNVDl3RGZESEtrYnpNcmNSdFpldEZ5UzdNVy9uTmZOQmE2RUtUClRmMFdycXgyZDRWS2EvNmhNMnNyQjlWYUZSYzg0Z1lVT3hPWXl0d1ZMZzROMHpBTDM5ckdmdVZVS1N1USt1aE0KcnUxYUlnKzZEdjhpWWVMZDdIVEUvVUFZRUhxWHhodDY0WXpwYkQ1VTk3OGVmeU9DdVQ0b2xLZXZnZzArNXovKwpMR01rVUpaemhOL1FKUmhNektFMDNtNDNqdytBS1FyQnFTblc2SGtiZHNORzRyMmd1T1RJZjY1VkhlaHlDaU9rCk5mVHk3TGNzS3ovY2xETDlVcGdXOUJVQ3Frc3hoaC94d09jQVpZbDREUU9yV3dJREFRQUJvMEl3UURBT0JnTlYKSFE4QkFmOEVCQU1DQWdRd0R3WURWUjBUQVFIL0JBVXdBd0VCL3pBZEJnTlZIUTRFRmdRVXdMNE1Cek9GRUxnWQprOFV2eUlvNmVWWHJIa2N3RFFZSktvWklodmNOQVFFTEJRQURnZ0VCQURvaTE4Qkk2RlZrb1ZvaXZES0xWUDZCCno5djVyRnhGK1FTMjJwYzdhaGwxc2ZPcGxkOVVtRU9aS1pPR2c4T01mdUhoWDhTNjdCb092R0lvZUxHRVlsOFMKS2k0d3g1b3krWUJtaEJCeWFNNFpwOExqQ0ViK2JvNXVEYmdSakc2YXYvbVBMWVB0NmNNaDFtb3lTVktXMSs5UwpKVmI2azZ5dEV1aENmbmVqa2dMaDg3a3RYMUJvOFdEUVJma3pOeWxUbWFsSUdRVU9pQ3RGdkNEVFgvSXhySFl2CnB0cXNRZStTR1dBNktXMkRiUGt4OTNvUWVSVjNtcEwzTUVMQ1JXdFJZZkM0R1pJbnZlNUV6WGpDZ095TUg2Ry8KdVdxNnkxL2N1aFVUVUZHVGRpa0FGSGZTTVArNS9NWGdRSmd3SkpDWGNLSHdYNm1rMW9xUDhWQWo3Mm1pUjVzPQotLS0tLUVORCBDRVJUSUZJQ0FURS0tLS0tCg==",
                "password": "",
                "username": ""
              }
            ],
            "master_authorized_networks_config": [],
            "master_version": "1.19.9-gke.1900",
            "min_master_version": null,
            "monitoring_service": "monitoring.googleapis.com/kubernetes",
            "name": "my-gke-cluster",
            "network": "projects/devops-java-project/global/networks/default",
            "network_policy": [
              {
                "enabled": false,
                "provider": "PROVIDER_UNSPECIFIED"
              }
            ],
            "networking_mode": "ROUTES",
            "node_config": [],
            "node_locations": [
              "us-west1-a",
              "us-west1-b",
              "us-west1-c"
            ],
            "node_pool": [],
            "node_version": "1.19.9-gke.1900",
            "operation": null,
            "pod_security_policy_config": [],
            "private_cluster_config": [],
            "private_ipv6_google_access": "",
            "project": "devops-java-project",
            "release_channel": [
              {
                "channel": "REGULAR"
              }
            ],
            "remove_default_node_pool": true,
            "resource_labels": null,
            "resource_usage_export_config": [],
            "self_link": "https://container.googleapis.com/v1beta1/projects/devops-java-project/locations/us-west1/clusters/my-gke-cluster",
            "services_ipv4_cidr": "10.67.240.0/20",
            "subnetwork": "projects/devops-java-project/regions/us-west1/subnetworks/default",
            "timeouts": null,
            "tpu_ipv4_cidr_block": "",
            "vertical_pod_autoscaling": [],
            "workload_identity_config": []
          },
          "sensitive_attributes": [],
          "private": "eyJlMmJmYjczMC1lY2FhLTExZTYtOGY4OC0zNDM2M2JjN2M0YzAiOnsiY3JlYXRlIjoyNDAwMDAwMDAwMDAwLCJkZWxldGUiOjI0MDAwMDAwMDAwMDAsInJlYWQiOjI0MDAwMDAwMDAwMDAsInVwZGF0ZSI6MzYwMDAwMDAwMDAwMH0sInNjaGVtYV92ZXJzaW9uIjoiMSJ9"
        }
      ]
    },
    {
      "mode": "managed",
      "type": "google_container_node_pool",
      "name": "primary_preemptible_nodes",
      "provider": "provider[\"registry.terraform.io/hashicorp/google\"]",
      "instances": [
        {
          "schema_version": 1,
          "attributes": {
            "autoscaling": [],
            "cluster": "my-gke-cluster",
            "id": "projects/devops-java-project/locations/us-west1/clusters/my-gke-cluster/nodePools/my-node-pool",
            "initial_node_count": 1,
            "instance_group_urls": [
              "https://www.googleapis.com/compute/v1/projects/devops-java-project/zones/us-west1-c/instanceGroupManagers/gke-my-gke-cluster-my-node-pool-d94207ef-grp",
              "https://www.googleapis.com/compute/v1/projects/devops-java-project/zones/us-west1-b/instanceGroupManagers/gke-my-gke-cluster-my-node-pool-77ed17f7-grp",
              "https://www.googleapis.com/compute/v1/projects/devops-java-project/zones/us-west1-a/instanceGroupManagers/gke-my-gke-cluster-my-node-pool-571ac873-grp"
            ],
            "location": "us-west1",
            "management": [
              {
                "auto_repair": true,
                "auto_upgrade": true
              }
            ],
            "max_pods_per_node": null,
            "name": "my-node-pool",
            "name_prefix": "",
            "node_config": [
              {
                "disk_size_gb": 100,
                "disk_type": "pd-standard",
                "guest_accelerator": [],
                "image_type": "COS_CONTAINERD",
                "labels": {},
                "local_ssd_count": 0,
                "machine_type": "e2-medium",
                "metadata": {
                  "disable-legacy-endpoints": "true"
                },
                "min_cpu_platform": "",
                "oauth_scopes": [
                  "https://www.googleapis.com/auth/cloud-platform"
                ],
                "preemptible": true,
                "service_account": "service-account-id@devops-java-project.iam.gserviceaccount.com",
                "shielded_instance_config": [
                  {
                    "enable_integrity_monitoring": true,
                    "enable_secure_boot": false
                  }
                ],
                "tags": null,
                "taint": [],
                "workload_metadata_config": []
              }
            ],
            "node_count": 1,
            "node_locations": [
              "us-west1-a",
              "us-west1-b",
              "us-west1-c"
            ],
            "operation": null,
            "project": "devops-java-project",
            "timeouts": null,
            "upgrade_settings": [
              {
                "max_surge": 1,
                "max_unavailable": 0
              }
            ],
            "version": "1.19.9-gke.1900"
          },
          "sensitive_attributes": [],
          "private": "eyJlMmJmYjczMC1lY2FhLTExZTYtOGY4OC0zNDM2M2JjN2M0YzAiOnsiY3JlYXRlIjoxODAwMDAwMDAwMDAwLCJkZWxldGUiOjE4MDAwMDAwMDAwMDAsInVwZGF0ZSI6MTgwMDAwMDAwMDAwMH0sInNjaGVtYV92ZXJzaW9uIjoiMSJ9",
          "dependencies": [
            "google_container_cluster.primary",
            "google_service_account.default"
          ]
        }
      ]
    },
    {
      "mode": "managed",
      "type": "google_service_account",
      "name": "default",
      "provider": "provider[\"registry.terraform.io/hashicorp/google\"]",
      "instances": [
        {
          "schema_version": 0,
          "attributes": {
            "account_id": "service-account-id",
            "description": "",
            "display_name": "Service Account",
            "email": "service-account-id@devops-java-project.iam.gserviceaccount.com",
            "id": "projects/devops-java-project/serviceAccounts/service-account-id@devops-java-project.iam.gserviceaccount.com",
            "name": "projects/devops-java-project/serviceAccounts/service-account-id@devops-java-project.iam.gserviceaccount.com",
            "project": "devops-java-project",
            "timeouts": null,
            "unique_id": "112084609332466237038"
          },
          "sensitive_attributes": [],
          "private": "eyJlMmJmYjczMC1lY2FhLTExZTYtOGY4OC0zNDM2M2JjN2M0YzAiOnsiY3JlYXRlIjozMDAwMDAwMDAwMDB9fQ=="
        }
      ]
    }
  ]
}
